
Microsoft Visual Studio Solution File, Format Version 12.00
# Visual Studio Version 17
VisualStudioVersion = 17.5.002.0
MinimumVisualStudioVersion = 10.0.40219.1
Project("{9A19103F-16F7-4668-BE54-9A1E7A4F7556}") = "CollectionBorderRender", "CollectionBorderRender.csproj", "{03D75907-D58A-4B04-8E2C-02A1C2335C5D}"
EndProject
Global
	GlobalSection(SolutionConfigurationPlatforms) = preSolution
		Debug|Any CPU = Debug|Any CPU
		Release|Any CPU = Release|Any CPU
	EndGlobalSection
	GlobalSection(ProjectConfigurationPlatforms) = postSolution
		{03D75907-D58A-4B04-8E2C-02A1C2335C5D}.Debug|Any CPU.ActiveCfg = Debug|Any CPU
		{03D75907-D58A-4B04-8E2C-02A1C2335C5D}.Debug|Any CPU.Build.0 = Debug|Any CPU
		{03D75907-D58A-4B04-8E2C-02A1C2335C5D}.Release|Any CPU.ActiveCfg = Release|Any CPU
		{03D75907-D58A-4B04-8E2C-02A1C2335C5D}.Release|Any CPU.Build.0 = Release|Any CPU
	EndGlobalSection
	GlobalSection(SolutionProperties) = preSolution
		HideSolutionNode = FALSE
	EndGlobalSection
	GlobalSection(ExtensibilityGlobals) = postSolution
		SolutionGuid = {6500B81C-84CC-4AAA-A8B0-4B1325F87613}
	EndGlobalSection
EndGlobal
